
Microsoft Visual Studio Solution File, Format Version 12.00
# Visual Studio 2012
Project("{FAE04EC0-301F-11D3-BF4B-00C04F79EFBC}") = "DictionariesLab", "DictionariesLab\DictionariesLab.csproj", "{C9AE9A3A-D4B6-41A8-B40E-C9DEC79EF2EE}"
EndProject
Project("{FAE04EC0-301F-11D3-BF4B-00C04F79EFBC}") = "CountRealNumbers", "CountRealNumbers\CountRealNumbers.csproj", "{89A44920-0D4A-4039-8D9A-EF5DB7D1F5F6}"
EndProject
Global
	GlobalSection(SolutionConfigurationPlatforms) = preSolution
		Debug|Any CPU = Debug|Any CPU
		Release|Any CPU = Release|Any CPU
	EndGlobalSection
	GlobalSection(ProjectConfigurationPlatforms) = postSolution
		{C9AE9A3A-D4B6-41A8-B40E-C9DEC79EF2EE}.Debug|Any CPU.ActiveCfg = Debug|Any CPU
		{C9AE9A3A-D4B6-41A8-B40E-C9DEC79EF2EE}.Debug|Any CPU.Build.0 = Debug|Any CPU
		{C9AE9A3A-D4B6-41A8-B40E-C9DEC79EF2EE}.Release|Any CPU.ActiveCfg = Release|Any CPU
		{C9AE9A3A-D4B6-41A8-B40E-C9DEC79EF2EE}.Release|Any CPU.Build.0 = Release|Any CPU
		{89A44920-0D4A-4039-8D9A-EF5DB7D1F5F6}.Debug|Any CPU.ActiveCfg = Debug|Any CPU
		{89A44920-0D4A-4039-8D9A-EF5DB7D1F5F6}.Debug|Any CPU.Build.0 = Debug|Any CPU
		{89A44920-0D4A-4039-8D9A-EF5DB7D1F5F6}.Release|Any CPU.ActiveCfg = Release|Any CPU
		{89A44920-0D4A-4039-8D9A-EF5DB7D1F5F6}.Release|Any CPU.Build.0 = Release|Any CPU
	EndGlobalSection
	GlobalSection(SolutionProperties) = preSolution
		HideSolutionNode = FALSE
	EndGlobalSection
EndGlobal
