
Microsoft Visual Studio Solution File, Format Version 12.00
# Visual Studio 2012
Project("{FAE04EC0-301F-11D3-BF4B-00C04F79EFBC}") = "02.SignOfIntegerNumber", "SignOfIntegerNumber\02.SignOfIntegerNumber.csproj", "{522A6A20-957A-4F87-8CAF-07A011A4ADA2}"
EndProject
Project("{FAE04EC0-301F-11D3-BF4B-00C04F79EFBC}") = "01.BlankReceipt", "BlankReceipt02\01.BlankReceipt.csproj", "{1D394CE7-2CF3-4B18-8C23-FF310DC13DB4}"
EndProject
Project("{FAE04EC0-301F-11D3-BF4B-00C04F79EFBC}") = "03.PrintingTriangle", "PrintingTriangle\03.PrintingTriangle.csproj", "{AA1AA90E-38C2-49C7-93B8-9B55CB6BF3E4}"
EndProject
Project("{FAE04EC0-301F-11D3-BF4B-00C04F79EFBC}") = "04. FilledSquare", "04. FilledSquare\04. FilledSquare.csproj", "{A3312EBA-4748-4888-A679-1639794F3ED2}"
EndProject
Project("{FAE04EC0-301F-11D3-BF4B-00C04F79EFBC}") = "05.CalculateTriangleArea", "CalculateTriangleArea\05.CalculateTriangleArea.csproj", "{DFB97334-55E5-41E9-AE0A-E26D23F2F9A0}"
EndProject
Project("{FAE04EC0-301F-11D3-BF4B-00C04F79EFBC}") = "06.MathPower", "MathPower\06.MathPower.csproj", "{34A02FED-F41D-4E03-A9B1-76652A284168}"
EndProject
Project("{FAE04EC0-301F-11D3-BF4B-00C04F79EFBC}") = "07.GreaterOfTwoValues", "GreaterOfTwoValues\07.GreaterOfTwoValues.csproj", "{C7B512EC-8C38-49D7-BE02-5FA197295E35}"
EndProject
Project("{FAE04EC0-301F-11D3-BF4B-00C04F79EFBC}") = "08.MultiplyEvensByOdds", "MultiplyEvensByOdds\08.MultiplyEvensByOdds.csproj", "{10D78CBE-4076-47A0-90B0-B7233E4D4E1A}"
EndProject
Project("{FAE04EC0-301F-11D3-BF4B-00C04F79EFBC}") = "09.HolidaysBetweenTwoDates", "09.HolidaysBetweenTwoDates\09.HolidaysBetweenTwoDates.csproj", "{F12691E5-684E-46E2-B803-C71B5C5EE9FF}"
EndProject
Project("{FAE04EC0-301F-11D3-BF4B-00C04F79EFBC}") = "10.PriceChangeAlert", "10.PriceChangeAlert\10.PriceChangeAlert.csproj", "{BFEE2FC5-2FD7-415F-860C-65029953D09E}"
EndProject
Global
	GlobalSection(SolutionConfigurationPlatforms) = preSolution
		Debug|Any CPU = Debug|Any CPU
		Release|Any CPU = Release|Any CPU
	EndGlobalSection
	GlobalSection(ProjectConfigurationPlatforms) = postSolution
		{522A6A20-957A-4F87-8CAF-07A011A4ADA2}.Debug|Any CPU.ActiveCfg = Debug|Any CPU
		{522A6A20-957A-4F87-8CAF-07A011A4ADA2}.Debug|Any CPU.Build.0 = Debug|Any CPU
		{522A6A20-957A-4F87-8CAF-07A011A4ADA2}.Release|Any CPU.ActiveCfg = Release|Any CPU
		{522A6A20-957A-4F87-8CAF-07A011A4ADA2}.Release|Any CPU.Build.0 = Release|Any CPU
		{1D394CE7-2CF3-4B18-8C23-FF310DC13DB4}.Debug|Any CPU.ActiveCfg = Debug|Any CPU
		{1D394CE7-2CF3-4B18-8C23-FF310DC13DB4}.Debug|Any CPU.Build.0 = Debug|Any CPU
		{1D394CE7-2CF3-4B18-8C23-FF310DC13DB4}.Release|Any CPU.ActiveCfg = Release|Any CPU
		{1D394CE7-2CF3-4B18-8C23-FF310DC13DB4}.Release|Any CPU.Build.0 = Release|Any CPU
		{AA1AA90E-38C2-49C7-93B8-9B55CB6BF3E4}.Debug|Any CPU.ActiveCfg = Debug|Any CPU
		{AA1AA90E-38C2-49C7-93B8-9B55CB6BF3E4}.Debug|Any CPU.Build.0 = Debug|Any CPU
		{AA1AA90E-38C2-49C7-93B8-9B55CB6BF3E4}.Release|Any CPU.ActiveCfg = Release|Any CPU
		{AA1AA90E-38C2-49C7-93B8-9B55CB6BF3E4}.Release|Any CPU.Build.0 = Release|Any CPU
		{A3312EBA-4748-4888-A679-1639794F3ED2}.Debug|Any CPU.ActiveCfg = Debug|Any CPU
		{A3312EBA-4748-4888-A679-1639794F3ED2}.Debug|Any CPU.Build.0 = Debug|Any CPU
		{A3312EBA-4748-4888-A679-1639794F3ED2}.Release|Any CPU.ActiveCfg = Release|Any CPU
		{A3312EBA-4748-4888-A679-1639794F3ED2}.Release|Any CPU.Build.0 = Release|Any CPU
		{DFB97334-55E5-41E9-AE0A-E26D23F2F9A0}.Debug|Any CPU.ActiveCfg = Debug|Any CPU
		{DFB97334-55E5-41E9-AE0A-E26D23F2F9A0}.Debug|Any CPU.Build.0 = Debug|Any CPU
		{DFB97334-55E5-41E9-AE0A-E26D23F2F9A0}.Release|Any CPU.ActiveCfg = Release|Any CPU
		{DFB97334-55E5-41E9-AE0A-E26D23F2F9A0}.Release|Any CPU.Build.0 = Release|Any CPU
		{34A02FED-F41D-4E03-A9B1-76652A284168}.Debug|Any CPU.ActiveCfg = Debug|Any CPU
		{34A02FED-F41D-4E03-A9B1-76652A284168}.Debug|Any CPU.Build.0 = Debug|Any CPU
		{34A02FED-F41D-4E03-A9B1-76652A284168}.Release|Any CPU.ActiveCfg = Release|Any CPU
		{34A02FED-F41D-4E03-A9B1-76652A284168}.Release|Any CPU.Build.0 = Release|Any CPU
		{C7B512EC-8C38-49D7-BE02-5FA197295E35}.Debug|Any CPU.ActiveCfg = Debug|Any CPU
		{C7B512EC-8C38-49D7-BE02-5FA197295E35}.Debug|Any CPU.Build.0 = Debug|Any CPU
		{C7B512EC-8C38-49D7-BE02-5FA197295E35}.Release|Any CPU.ActiveCfg = Release|Any CPU
		{C7B512EC-8C38-49D7-BE02-5FA197295E35}.Release|Any CPU.Build.0 = Release|Any CPU
		{10D78CBE-4076-47A0-90B0-B7233E4D4E1A}.Debug|Any CPU.ActiveCfg = Debug|Any CPU
		{10D78CBE-4076-47A0-90B0-B7233E4D4E1A}.Debug|Any CPU.Build.0 = Debug|Any CPU
		{10D78CBE-4076-47A0-90B0-B7233E4D4E1A}.Release|Any CPU.ActiveCfg = Release|Any CPU
		{10D78CBE-4076-47A0-90B0-B7233E4D4E1A}.Release|Any CPU.Build.0 = Release|Any CPU
		{F12691E5-684E-46E2-B803-C71B5C5EE9FF}.Debug|Any CPU.ActiveCfg = Debug|Any CPU
		{F12691E5-684E-46E2-B803-C71B5C5EE9FF}.Debug|Any CPU.Build.0 = Debug|Any CPU
		{F12691E5-684E-46E2-B803-C71B5C5EE9FF}.Release|Any CPU.ActiveCfg = Release|Any CPU
		{F12691E5-684E-46E2-B803-C71B5C5EE9FF}.Release|Any CPU.Build.0 = Release|Any CPU
		{BFEE2FC5-2FD7-415F-860C-65029953D09E}.Debug|Any CPU.ActiveCfg = Debug|Any CPU
		{BFEE2FC5-2FD7-415F-860C-65029953D09E}.Debug|Any CPU.Build.0 = Debug|Any CPU
		{BFEE2FC5-2FD7-415F-860C-65029953D09E}.Release|Any CPU.ActiveCfg = Release|Any CPU
		{BFEE2FC5-2FD7-415F-860C-65029953D09E}.Release|Any CPU.Build.0 = Release|Any CPU
	EndGlobalSection
	GlobalSection(SolutionProperties) = preSolution
		HideSolutionNode = FALSE
	EndGlobalSection
EndGlobal
