
Microsoft Visual Studio Solution File, Format Version 12.00
# Visual Studio 2012
Project("{FAE04EC0-301F-11D3-BF4B-00C04F79EFBC}") = "02.SignOfIntegerNumber", "SignOfIntegerNumber\02.SignOfIntegerNumber.csproj", "{522A6A20-957A-4F87-8CAF-07A011A4ADA2}"
EndProject
Project("{FAE04EC0-301F-11D3-BF4B-00C04F79EFBC}") = "01.BlankReceipt", "BlankReceipt02\01.BlankReceipt.csproj", "{1D394CE7-2CF3-4B18-8C23-FF310DC13DB4}"
EndProject
Project("{FAE04EC0-301F-11D3-BF4B-00C04F79EFBC}") = "03.PrintingTriangle", "PrintingTriangle\03.PrintingTriangle.csproj", "{AA1AA90E-38C2-49C7-93B8-9B55CB6BF3E4}"
EndProject
Project("{FAE04EC0-301F-11D3-BF4B-00C04F79EFBC}") = "04. FilledSquare", "04. FilledSquare\04. FilledSquare.csproj", "{A3312EBA-4748-4888-A679-1639794F3ED2}"
EndProject
Global
	GlobalSection(SolutionConfigurationPlatforms) = preSolution
		Debug|Any CPU = Debug|Any CPU
		Release|Any CPU = Release|Any CPU
	EndGlobalSection
	GlobalSection(ProjectConfigurationPlatforms) = postSolution
		{522A6A20-957A-4F87-8CAF-07A011A4ADA2}.Debug|Any CPU.ActiveCfg = Debug|Any CPU
		{522A6A20-957A-4F87-8CAF-07A011A4ADA2}.Debug|Any CPU.Build.0 = Debug|Any CPU
		{522A6A20-957A-4F87-8CAF-07A011A4ADA2}.Release|Any CPU.ActiveCfg = Release|Any CPU
		{522A6A20-957A-4F87-8CAF-07A011A4ADA2}.Release|Any CPU.Build.0 = Release|Any CPU
		{1D394CE7-2CF3-4B18-8C23-FF310DC13DB4}.Debug|Any CPU.ActiveCfg = Debug|Any CPU
		{1D394CE7-2CF3-4B18-8C23-FF310DC13DB4}.Debug|Any CPU.Build.0 = Debug|Any CPU
		{1D394CE7-2CF3-4B18-8C23-FF310DC13DB4}.Release|Any CPU.ActiveCfg = Release|Any CPU
		{1D394CE7-2CF3-4B18-8C23-FF310DC13DB4}.Release|Any CPU.Build.0 = Release|Any CPU
		{AA1AA90E-38C2-49C7-93B8-9B55CB6BF3E4}.Debug|Any CPU.ActiveCfg = Debug|Any CPU
		{AA1AA90E-38C2-49C7-93B8-9B55CB6BF3E4}.Debug|Any CPU.Build.0 = Debug|Any CPU
		{AA1AA90E-38C2-49C7-93B8-9B55CB6BF3E4}.Release|Any CPU.ActiveCfg = Release|Any CPU
		{AA1AA90E-38C2-49C7-93B8-9B55CB6BF3E4}.Release|Any CPU.Build.0 = Release|Any CPU
		{A3312EBA-4748-4888-A679-1639794F3ED2}.Debug|Any CPU.ActiveCfg = Debug|Any CPU
		{A3312EBA-4748-4888-A679-1639794F3ED2}.Debug|Any CPU.Build.0 = Debug|Any CPU
		{A3312EBA-4748-4888-A679-1639794F3ED2}.Release|Any CPU.ActiveCfg = Release|Any CPU
		{A3312EBA-4748-4888-A679-1639794F3ED2}.Release|Any CPU.Build.0 = Release|Any CPU
	EndGlobalSection
	GlobalSection(SolutionProperties) = preSolution
		HideSolutionNode = FALSE
	EndGlobalSection
EndGlobal
