
Microsoft Visual Studio Solution File, Format Version 12.00
# Visual Studio 2012
Project("{FAE04EC0-301F-11D3-BF4B-00C04F79EFBC}") = "01.BlankReceipt", "MethodsAndDebugging\01.BlankReceipt.csproj", "{BE42763A-54EA-416A-82EE-99E357EAFD72}"
EndProject
Project("{FAE04EC0-301F-11D3-BF4B-00C04F79EFBC}") = "02.SignOfIntegerNumber", "SignOfIntegerNumber\02.SignOfIntegerNumber.csproj", "{522A6A20-957A-4F87-8CAF-07A011A4ADA2}"
EndProject
Global
	GlobalSection(SolutionConfigurationPlatforms) = preSolution
		Debug|Any CPU = Debug|Any CPU
		Release|Any CPU = Release|Any CPU
	EndGlobalSection
	GlobalSection(ProjectConfigurationPlatforms) = postSolution
		{BE42763A-54EA-416A-82EE-99E357EAFD72}.Debug|Any CPU.ActiveCfg = Debug|Any CPU
		{BE42763A-54EA-416A-82EE-99E357EAFD72}.Debug|Any CPU.Build.0 = Debug|Any CPU
		{BE42763A-54EA-416A-82EE-99E357EAFD72}.Release|Any CPU.ActiveCfg = Release|Any CPU
		{BE42763A-54EA-416A-82EE-99E357EAFD72}.Release|Any CPU.Build.0 = Release|Any CPU
		{522A6A20-957A-4F87-8CAF-07A011A4ADA2}.Debug|Any CPU.ActiveCfg = Debug|Any CPU
		{522A6A20-957A-4F87-8CAF-07A011A4ADA2}.Debug|Any CPU.Build.0 = Debug|Any CPU
		{522A6A20-957A-4F87-8CAF-07A011A4ADA2}.Release|Any CPU.ActiveCfg = Release|Any CPU
		{522A6A20-957A-4F87-8CAF-07A011A4ADA2}.Release|Any CPU.Build.0 = Release|Any CPU
	EndGlobalSection
	GlobalSection(SolutionProperties) = preSolution
		HideSolutionNode = FALSE
	EndGlobalSection
EndGlobal
